// !$*UTF8*$!
{
	archiveVersion = 1;
	classes = {
	};
	objectVersion = 56;
	objects = {

/* Begin PBXBuildFile section */
		009F82012ACDFF6A00FC30C2 /* AppDelegate.swift in Sources */ = {isa = PBXBuildFile; fileRef = 009F82002ACDFF6A00FC30C2 /* AppDelegate.swift */; };
		009F82032ACDFF6A00FC30C2 /* SceneDelegate.swift in Sources */ = {isa = PBXBuildFile; fileRef = 009F82022ACDFF6A00FC30C2 /* SceneDelegate.swift */; };
		009F820A2ACDFF6D00FC30C2 /* Assets.xcassets in Resources */ = {isa = PBXBuildFile; fileRef = 009F82092ACDFF6D00FC30C2 /* Assets.xcassets */; };
		009F820D2ACDFF6D00FC30C2 /* LaunchScreen.storyboard in Resources */ = {isa = PBXBuildFile; fileRef = 009F820B2ACDFF6D00FC30C2 /* LaunchScreen.storyboard */; };
		009F82152ACE019300FC30C2 /* WishMakerViewController.swift in Sources */ = {isa = PBXBuildFile; fileRef = 009F82142ACE019300FC30C2 /* WishMakerViewController.swift */; };
		009F82172ACE027100FC30C2 /* UIColor+Extensions.swift in Sources */ = {isa = PBXBuildFile; fileRef = 009F82162ACE027100FC30C2 /* UIColor+Extensions.swift */; };
		009F82192ACE118600FC30C2 /* CustomeSlider.swift in Sources */ = {isa = PBXBuildFile; fileRef = 009F82182ACE118600FC30C2 /* CustomeSlider.swift */; };
		00C94FF32B0A8ABF00D949BF /* UIViewPin.swift in Sources */ = {isa = PBXBuildFile; fileRef = 00C94FF22B0A8ABF00D949BF /* UIViewPin.swift */; };
		00C94FF52B0ABAE400D949BF /* WishStoringViewController.swift in Sources */ = {isa = PBXBuildFile; fileRef = 00C94FF42B0ABAE400D949BF /* WishStoringViewController.swift */; };
		00C94FF72B0B37BD00D949BF /* WrittenWishCell.swift in Sources */ = {isa = PBXBuildFile; fileRef = 00C94FF62B0B37BD00D949BF /* WrittenWishCell.swift */; };
		00C94FF92B0B3D7900D949BF /* NewWishCell.swift in Sources */ = {isa = PBXBuildFile; fileRef = 00C94FF82B0B3D7900D949BF /* NewWishCell.swift */; };
/* End PBXBuildFile section */

/* Begin PBXFileReference section */
		009F81FD2ACDFF6A00FC30C2 /* togalkinaPW2.app */ = {isa = PBXFileReference; explicitFileType = wrapper.application; includeInIndex = 0; path = togalkinaPW2.app; sourceTree = BUILT_PRODUCTS_DIR; };
		009F82002ACDFF6A00FC30C2 /* AppDelegate.swift */ = {isa = PBXFileReference; lastKnownFileType = sourcecode.swift; path = AppDelegate.swift; sourceTree = "<group>"; };
		009F82022ACDFF6A00FC30C2 /* SceneDelegate.swift */ = {isa = PBXFileReference; lastKnownFileType = sourcecode.swift; path = SceneDelegate.swift; sourceTree = "<group>"; };
		009F82092ACDFF6D00FC30C2 /* Assets.xcassets */ = {isa = PBXFileReference; lastKnownFileType = folder.assetcatalog; path = Assets.xcassets; sourceTree = "<group>"; };
		009F820C2ACDFF6D00FC30C2 /* Base */ = {isa = PBXFileReference; lastKnownFileType = file.storyboard; name = Base; path = Base.lproj/LaunchScreen.storyboard; sourceTree = "<group>"; };
		009F820E2ACDFF6D00FC30C2 /* Info.plist */ = {isa = PBXFileReference; lastKnownFileType = text.plist.xml; path = Info.plist; sourceTree = "<group>"; };
		009F82142ACE019300FC30C2 /* WishMakerViewController.swift */ = {isa = PBXFileReference; lastKnownFileType = sourcecode.swift; path = WishMakerViewController.swift; sourceTree = "<group>"; };
		009F82162ACE027100FC30C2 /* UIColor+Extensions.swift */ = {isa = PBXFileReference; lastKnownFileType = sourcecode.swift; path = "UIColor+Extensions.swift"; sourceTree = "<group>"; };
		009F82182ACE118600FC30C2 /* CustomeSlider.swift */ = {isa = PBXFileReference; lastKnownFileType = sourcecode.swift; path = CustomeSlider.swift; sourceTree = "<group>"; };
		00C94FF22B0A8ABF00D949BF /* UIViewPin.swift */ = {isa = PBXFileReference; fileEncoding = 4; lastKnownFileType = sourcecode.swift; path = UIViewPin.swift; sourceTree = "<group>"; };
		00C94FF42B0ABAE400D949BF /* WishStoringViewController.swift */ = {isa = PBXFileReference; lastKnownFileType = sourcecode.swift; path = WishStoringViewController.swift; sourceTree = "<group>"; };
		00C94FF62B0B37BD00D949BF /* WrittenWishCell.swift */ = {isa = PBXFileReference; lastKnownFileType = sourcecode.swift; path = WrittenWishCell.swift; sourceTree = "<group>"; };
		00C94FF82B0B3D7900D949BF /* NewWishCell.swift */ = {isa = PBXFileReference; lastKnownFileType = sourcecode.swift; path = NewWishCell.swift; sourceTree = "<group>"; };
/* End PBXFileReference section */

/* Begin PBXFrameworksBuildPhase section */
		009F81FA2ACDFF6A00FC30C2 /* Frameworks */ = {
			isa = PBXFrameworksBuildPhase;
			buildActionMask = 2147483647;
			files = (
			);
			runOnlyForDeploymentPostprocessing = 0;
		};
/* End PBXFrameworksBuildPhase section */

/* Begin PBXGroup section */
		009F81F42ACDFF6A00FC30C2 = {
			isa = PBXGroup;
			children = (
				009F81FF2ACDFF6A00FC30C2 /* togalkinaPW2 */,
				009F81FE2ACDFF6A00FC30C2 /* Products */,
			);
			sourceTree = "<group>";
		};
		009F81FE2ACDFF6A00FC30C2 /* Products */ = {
			isa = PBXGroup;
			children = (
				009F81FD2ACDFF6A00FC30C2 /* togalkinaPW2.app */,
			);
			name = Products;
			sourceTree = "<group>";
		};
		009F81FF2ACDFF6A00FC30C2 /* togalkinaPW2 */ = {
			isa = PBXGroup;
			children = (
				009F82002ACDFF6A00FC30C2 /* AppDelegate.swift */,
				009F82022ACDFF6A00FC30C2 /* SceneDelegate.swift */,
				009F82092ACDFF6D00FC30C2 /* Assets.xcassets */,
				009F820B2ACDFF6D00FC30C2 /* LaunchScreen.storyboard */,
				009F820E2ACDFF6D00FC30C2 /* Info.plist */,
				00C94FF22B0A8ABF00D949BF /* UIViewPin.swift */,
				009F82142ACE019300FC30C2 /* WishMakerViewController.swift */,
				009F82162ACE027100FC30C2 /* UIColor+Extensions.swift */,
				009F82182ACE118600FC30C2 /* CustomeSlider.swift */,
				00C94FF42B0ABAE400D949BF /* WishStoringViewController.swift */,
				00C94FF62B0B37BD00D949BF /* WrittenWishCell.swift */,
				00C94FF82B0B3D7900D949BF /* NewWishCell.swift */,
			);
			path = togalkinaPW2;
			sourceTree = "<group>";
		};
/* End PBXGroup section */

/* Begin PBXNativeTarget section */
		009F81FC2ACDFF6A00FC30C2 /* togalkinaPW2 */ = {
			isa = PBXNativeTarget;
			buildConfigurationList = 009F82112ACDFF6D00FC30C2 /* Build configuration list for PBXNativeTarget "togalkinaPW2" */;
			buildPhases = (
				009F81F92ACDFF6A00FC30C2 /* Sources */,
				009F81FA2ACDFF6A00FC30C2 /* Frameworks */,
				009F81FB2ACDFF6A00FC30C2 /* Resources */,
			);
			buildRules = (
			);
			dependencies = (
			);
			name = togalkinaPW2;
			productName = togalkinaPW2;
			productReference = 009F81FD2ACDFF6A00FC30C2 /* togalkinaPW2.app */;
			productType = "com.apple.product-type.application";
		};
/* End PBXNativeTarget section */

/* Begin PBXProject section */
		009F81F52ACDFF6A00FC30C2 /* Project object */ = {
			isa = PBXProject;
			attributes = {
				BuildIndependentTargetsInParallel = 1;
				LastSwiftUpdateCheck = 1420;
				LastUpgradeCheck = 1420;
				TargetAttributes = {
					009F81FC2ACDFF6A00FC30C2 = {
						CreatedOnToolsVersion = 14.2;
					};
				};
			};
			buildConfigurationList = 009F81F82ACDFF6A00FC30C2 /* Build configuration list for PBXProject "togalkinaPW2" */;
			compatibilityVersion = "Xcode 14.0";
			developmentRegion = en;
			hasScannedForEncodings = 0;
			knownRegions = (
				en,
				Base,
			);
			mainGroup = 009F81F42ACDFF6A00FC30C2;
			productRefGroup = 009F81FE2ACDFF6A00FC30C2 /* Products */;
			projectDirPath = "";
			projectRoot = "";
			targets = (
				009F81FC2ACDFF6A00FC30C2 /* togalkinaPW2 */,
			);
		};
/* End PBXProject section */

/* Begin PBXResourcesBuildPhase section */
		009F81FB2ACDFF6A00FC30C2 /* Resources */ = {
			isa = PBXResourcesBuildPhase;
			buildActionMask = 2147483647;
			files = (
				009F820D2ACDFF6D00FC30C2 /* LaunchScreen.storyboard in Resources */,
				009F820A2ACDFF6D00FC30C2 /* Assets.xcassets in Resources */,
			);
			runOnlyForDeploymentPostprocessing = 0;
		};
/* End PBXResourcesBuildPhase section */

/* Begin PBXSourcesBuildPhase section */
		009F81F92ACDFF6A00FC30C2 /* Sources */ = {
			isa = PBXSourcesBuildPhase;
			buildActionMask = 2147483647;
			files = (
				00C94FF72B0B37BD00D949BF /* WrittenWishCell.swift in Sources */,
				00C94FF32B0A8ABF00D949BF /* UIViewPin.swift in Sources */,
				009F82012ACDFF6A00FC30C2 /* AppDelegate.swift in Sources */,
				009F82152ACE019300FC30C2 /* WishMakerViewController.swift in Sources */,
				009F82192ACE118600FC30C2 /* CustomeSlider.swift in Sources */,
				009F82032ACDFF6A00FC30C2 /* SceneDelegate.swift in Sources */,
				00C94FF52B0ABAE400D949BF /* WishStoringViewController.swift in Sources */,
				00C94FF92B0B3D7900D949BF /* NewWishCell.swift in Sources */,
				009F82172ACE027100FC30C2 /* UIColor+Extensions.swift in Sources */,
			);
			runOnlyForDeploymentPostprocessing = 0;
		};
/* End PBXSourcesBuildPhase section */

/* Begin PBXVariantGroup section */
		009F820B2ACDFF6D00FC30C2 /* LaunchScreen.storyboard */ = {
			isa = PBXVariantGroup;
			children = (
				009F820C2ACDFF6D00FC30C2 /* Base */,
			);
			name = LaunchScreen.storyboard;
			sourceTree = "<group>";
		};
/* End PBXVariantGroup section */

/* Begin XCBuildConfiguration section */
		009F820F2ACDFF6D00FC30C2 /* Debug */ = {
			isa = XCBuildConfiguration;
			buildSettings = {
				ALWAYS_SEARCH_USER_PATHS = NO;
				CLANG_ANALYZER_NONNULL = YES;
				CLANG_ANALYZER_NUMBER_OBJECT_CONVERSION = YES_AGGRESSIVE;
				CLANG_CXX_LANGUAGE_STANDARD = "gnu++20";
				CLANG_ENABLE_MODULES = YES;
				CLANG_ENABLE_OBJC_ARC = YES;
				CLANG_ENABLE_OBJC_WEAK = YES;
				CLANG_WARN_BLOCK_CAPTURE_AUTORELEASING = YES;
				CLANG_WARN_BOOL_CONVERSION = YES;
				CLANG_WARN_COMMA = YES;
				CLANG_WARN_CONSTANT_CONVERSION = YES;
				CLANG_WARN_DEPRECATED_OBJC_IMPLEMENTATIONS = YES;
				CLANG_WARN_DIRECT_OBJC_ISA_USAGE = YES_ERROR;
				CLANG_WARN_DOCUMENTATION_COMMENTS = YES;
				CLANG_WARN_EMPTY_BODY = YES;
				CLANG_WARN_ENUM_CONVERSION = YES;
				CLANG_WARN_INFINITE_RECURSION = YES;
				CLANG_WARN_INT_CONVERSION = YES;
				CLANG_WARN_NON_LITERAL_NULL_CONVERSION = YES;
				CLANG_WARN_OBJC_IMPLICIT_RETAIN_SELF = YES;
				CLANG_WARN_OBJC_LITERAL_CONVERSION = YES;
				CLANG_WARN_OBJC_ROOT_CLASS = YES_ERROR;
				CLANG_WARN_QUOTED_INCLUDE_IN_FRAMEWORK_HEADER = YES;
				CLANG_WARN_RANGE_LOOP_ANALYSIS = YES;
				CLANG_WARN_STRICT_PROTOTYPES = YES;
				CLANG_WARN_SUSPICIOUS_MOVE = YES;
				CLANG_WARN_UNGUARDED_AVAILABILITY = YES_AGGRESSIVE;
				CLANG_WARN_UNREACHABLE_CODE = YES;
				CLANG_WARN__DUPLICATE_METHOD_MATCH = YES;
				COPY_PHASE_STRIP = NO;
				DEBUG_INFORMATION_FORMAT = dwarf;
				ENABLE_STRICT_OBJC_MSGSEND = YES;
				ENABLE_TESTABILITY = YES;
				GCC_C_LANGUAGE_STANDARD = gnu11;
				GCC_DYNAMIC_NO_PIC = NO;
				GCC_NO_COMMON_BLOCKS = YES;
				GCC_OPTIMIZATION_LEVEL = 0;
				GCC_PREPROCESSOR_DEFINITIONS = (
					"DEBUG=1",
					"$(inherited)",
				);
				GCC_WARN_64_TO_32_BIT_CONVERSION = YES;
				GCC_WARN_ABOUT_RETURN_TYPE = YES_ERROR;
				GCC_WARN_UNDECLARED_SELECTOR = YES;
				GCC_WARN_UNINITIALIZED_AUTOS = YES_AGGRESSIVE;
				GCC_WARN_UNUSED_FUNCTION = YES;
				GCC_WARN_UNUSED_VARIABLE = YES;
				IPHONEOS_DEPLOYMENT_TARGET = 16.2;
				MTL_ENABLE_DEBUG_INFO = INCLUDE_SOURCE;
				MTL_FAST_MATH = YES;
				ONLY_ACTIVE_ARCH = YES;
				SDKROOT = iphoneos;
				SWIFT_ACTIVE_COMPILATION_CONDITIONS = DEBUG;
				SWIFT_OPTIMIZATION_LEVEL = "-Onone";
			};
			name = Debug;
		};
		009F82102ACDFF6D00FC30C2 /* Release */ = {
			isa = XCBuildConfiguration;
			buildSettings = {
				ALWAYS_SEARCH_USER_PATHS = NO;
				CLANG_ANALYZER_NONNULL = YES;
				CLANG_ANALYZER_NUMBER_OBJECT_CONVERSION = YES_AGGRESSIVE;
				CLANG_CXX_LANGUAGE_STANDARD = "gnu++20";
				CLANG_ENABLE_MODULES = YES;
				CLANG_ENABLE_OBJC_ARC = YES;
				CLANG_ENABLE_OBJC_WEAK = YES;
				CLANG_WARN_BLOCK_CAPTURE_AUTORELEASING = YES;
				CLANG_WARN_BOOL_CONVERSION = YES;
				CLANG_WARN_COMMA = YES;
				CLANG_WARN_CONSTANT_CONVERSION = YES;
				CLANG_WARN_DEPRECATED_OBJC_IMPLEMENTATIONS = YES;
				CLANG_WARN_DIRECT_OBJC_ISA_USAGE = YES_ERROR;
				CLANG_WARN_DOCUMENTATION_COMMENTS = YES;
				CLANG_WARN_EMPTY_BODY = YES;
				CLANG_WARN_ENUM_CONVERSION = YES;
				CLANG_WARN_INFINITE_RECURSION = YES;
				CLANG_WARN_INT_CONVERSION = YES;
				CLANG_WARN_NON_LITERAL_NULL_CONVERSION = YES;
				CLANG_WARN_OBJC_IMPLICIT_RETAIN_SELF = YES;
				CLANG_WARN_OBJC_LITERAL_CONVERSION = YES;
				CLANG_WARN_OBJC_ROOT_CLASS = YES_ERROR;
				CLANG_WARN_QUOTED_INCLUDE_IN_FRAMEWORK_HEADER = YES;
				CLANG_WARN_RANGE_LOOP_ANALYSIS = YES;
				CLANG_WARN_STRICT_PROTOTYPES = YES;
				CLANG_WARN_SUSPICIOUS_MOVE = YES;
				CLANG_WARN_UNGUARDED_AVAILABILITY = YES_AGGRESSIVE;
				CLANG_WARN_UNREACHABLE_CODE = YES;
				CLANG_WARN__DUPLICATE_METHOD_MATCH = YES;
				COPY_PHASE_STRIP = NO;
				DEBUG_INFORMATION_FORMAT = "dwarf-with-dsym";
				ENABLE_NS_ASSERTIONS = NO;
				ENABLE_STRICT_OBJC_MSGSEND = YES;
				GCC_C_LANGUAGE_STANDARD = gnu11;
				GCC_NO_COMMON_BLOCKS = YES;
				GCC_WARN_64_TO_32_BIT_CONVERSION = YES;
				GCC_WARN_ABOUT_RETURN_TYPE = YES_ERROR;
				GCC_WARN_UNDECLARED_SELECTOR = YES;
				GCC_WARN_UNINITIALIZED_AUTOS = YES_AGGRESSIVE;
				GCC_WARN_UNUSED_FUNCTION = YES;
				GCC_WARN_UNUSED_VARIABLE = YES;
				IPHONEOS_DEPLOYMENT_TARGET = 16.2;
				MTL_ENABLE_DEBUG_INFO = NO;
				MTL_FAST_MATH = YES;
				SDKROOT = iphoneos;
				SWIFT_COMPILATION_MODE = wholemodule;
				SWIFT_OPTIMIZATION_LEVEL = "-O";
				VALIDATE_PRODUCT = YES;
			};
			name = Release;
		};
		009F82122ACDFF6D00FC30C2 /* Debug */ = {
			isa = XCBuildConfiguration;
			buildSettings = {
				ASSETCATALOG_COMPILER_APPICON_NAME = AppIcon;
				ASSETCATALOG_COMPILER_GLOBAL_ACCENT_COLOR_NAME = AccentColor;
				CODE_SIGN_STYLE = Automatic;
				CURRENT_PROJECT_VERSION = 1;
				GENERATE_INFOPLIST_FILE = YES;
				INFOPLIST_FILE = togalkinaPW2/Info.plist;
				INFOPLIST_KEY_UIApplicationSupportsIndirectInputEvents = YES;
				INFOPLIST_KEY_UILaunchStoryboardName = LaunchScreen;
				INFOPLIST_KEY_UISupportedInterfaceOrientations_iPad = "UIInterfaceOrientationPortrait UIInterfaceOrientationPortraitUpsideDown UIInterfaceOrientationLandscapeLeft UIInterfaceOrientationLandscapeRight";
				INFOPLIST_KEY_UISupportedInterfaceOrientations_iPhone = "UIInterfaceOrientationPortrait UIInterfaceOrientationLandscapeLeft UIInterfaceOrientationLandscapeRight";
				IPHONEOS_DEPLOYMENT_TARGET = 13.0;
				LD_RUNPATH_SEARCH_PATHS = (
					"$(inherited)",
					"@executable_path/Frameworks",
				);
				MARKETING_VERSION = 1.0;
				PRODUCT_BUNDLE_IDENTIFIER = tasyaglk.togalkinaPW2;
				PRODUCT_NAME = "$(TARGET_NAME)";
				SWIFT_EMIT_LOC_STRINGS = YES;
				SWIFT_VERSION = 5.0;
				TARGETED_DEVICE_FAMILY = "1,2";
			};
			name = Debug;
		};
		009F82132ACDFF6D00FC30C2 /* Release */ = {
			isa = XCBuildConfiguration;
			buildSettings = {
				ASSETCATALOG_COMPILER_APPICON_NAME = AppIcon;
				ASSETCATALOG_COMPILER_GLOBAL_ACCENT_COLOR_NAME = AccentColor;
				CODE_SIGN_STYLE = Automatic;
				CURRENT_PROJECT_VERSION = 1;
				GENERATE_INFOPLIST_FILE = YES;
				INFOPLIST_FILE = togalkinaPW2/Info.plist;
				INFOPLIST_KEY_UIApplicationSupportsIndirectInputEvents = YES;
				INFOPLIST_KEY_UILaunchStoryboardName = LaunchScreen;
				INFOPLIST_KEY_UISupportedInterfaceOrientations_iPad = "UIInterfaceOrientationPortrait UIInterfaceOrientationPortraitUpsideDown UIInterfaceOrientationLandscapeLeft UIInterfaceOrientationLandscapeRight";
				INFOPLIST_KEY_UISupportedInterfaceOrientations_iPhone = "UIInterfaceOrientationPortrait UIInterfaceOrientationLandscapeLeft UIInterfaceOrientationLandscapeRight";
				IPHONEOS_DEPLOYMENT_TARGET = 13.0;
				LD_RUNPATH_SEARCH_PATHS = (
					"$(inherited)",
					"@executable_path/Frameworks",
				);
				MARKETING_VERSION = 1.0;
				PRODUCT_BUNDLE_IDENTIFIER = tasyaglk.togalkinaPW2;
				PRODUCT_NAME = "$(TARGET_NAME)";
				SWIFT_EMIT_LOC_STRINGS = YES;
				SWIFT_VERSION = 5.0;
				TARGETED_DEVICE_FAMILY = "1,2";
			};
			name = Release;
		};
/* End XCBuildConfiguration section */

/* Begin XCConfigurationList section */
		009F81F82ACDFF6A00FC30C2 /* Build configuration list for PBXProject "togalkinaPW2" */ = {
			isa = XCConfigurationList;
			buildConfigurations = (
				009F820F2ACDFF6D00FC30C2 /* Debug */,
				009F82102ACDFF6D00FC30C2 /* Release */,
			);
			defaultConfigurationIsVisible = 0;
			defaultConfigurationName = Release;
		};
		009F82112ACDFF6D00FC30C2 /* Build configuration list for PBXNativeTarget "togalkinaPW2" */ = {
			isa = XCConfigurationList;
			buildConfigurations = (
				009F82122ACDFF6D00FC30C2 /* Debug */,
				009F82132ACDFF6D00FC30C2 /* Release */,
			);
			defaultConfigurationIsVisible = 0;
			defaultConfigurationName = Release;
		};
/* End XCConfigurationList section */
	};
	rootObject = 009F81F52ACDFF6A00FC30C2 /* Project object */;
}
